
Microsoft Visual Studio Solution File, Format Version 12.00
# Visual Studio Version 16
VisualStudioVersion = 16.0.29411.108
MinimumVisualStudioVersion = 10.0.40219.1
Project("{9A19103F-16F7-4668-BE54-9A1E7A4F7556}") = "ArrayDemo1", "Week2\ArrayDemo1.csproj", "{66E31062-CB63-4B10-9134-5BF0D2B9CBA6}"
EndProject
Project("{2150E333-8FDC-42A3-9474-1A3956D46DE8}") = "Solution Items", "Solution Items", "{88E2F3B9-AB5A-4BF8-AB53-8207FD43D658}"
	ProjectSection(SolutionItems) = preProject
		.gitignore = .gitignore
	EndProjectSection
EndProject
Project("{9A19103F-16F7-4668-BE54-9A1E7A4F7556}") = "ArrayDemo2", "ArrayDemo2\ArrayDemo2.csproj", "{47619F91-3080-4D97-AE8E-10483F896D49}"
EndProject
Project("{9A19103F-16F7-4668-BE54-9A1E7A4F7556}") = "Student Database", "Student Database\Student Database.csproj", "{DACC3981-827A-4F8C-A663-3DE55356DC42}"
EndProject
Project("{9A19103F-16F7-4668-BE54-9A1E7A4F7556}") = "Empty", "Empty\Empty.csproj", "{E8018D25-D998-4039-9BCE-951ADE1E85C0}"
EndProject
Project("{9A19103F-16F7-4668-BE54-9A1E7A4F7556}") = "SwitchDemo", "SwitchDemo\SwitchDemo.csproj", "{CC8CFC3A-2690-4E14-A2FA-2915AF01BE82}"
EndProject
Project("{9A19103F-16F7-4668-BE54-9A1E7A4F7556}") = "CollectionsDemo", "CollectionsDemo\CollectionsDemo.csproj", "{B03A509A-2783-491D-BA66-5FADA2298FAF}"
EndProject
Project("{9A19103F-16F7-4668-BE54-9A1E7A4F7556}") = "DictionaryDemo", "DictionaryDemo\DictionaryDemo.csproj", "{97498D0D-64F9-4777-998B-A779F5CC08AE}"
EndProject
Project("{9A19103F-16F7-4668-BE54-9A1E7A4F7556}") = "DictionaryDemo2", "DictionaryDemo2\DictionaryDemo2.csproj", "{CB604A52-BAA5-4FF8-8DA2-9CC8DD67247E}"
EndProject
Project("{9A19103F-16F7-4668-BE54-9A1E7A4F7556}") = "Shopping List", "Shopping List\Shopping List.csproj", "{A21E0602-B9AC-4305-94A8-5BC20F63F523}"
EndProject
Project("{FAE04EC0-301F-11D3-BF4B-00C04F79EFBC}") = "ExceptionDemo", "ExceptionDemo\ExceptionDemo.csproj", "{AF27DB46-67A4-47FA-A5C1-A42573D2ED92}"
EndProject
Project("{FAE04EC0-301F-11D3-BF4B-00C04F79EFBC}") = "ListMemory", "ListMemory\ListMemory.csproj", "{A390B8C8-8D27-4ECD-8CE1-C23BBC5E8413}"
EndProject
Project("{FAE04EC0-301F-11D3-BF4B-00C04F79EFBC}") = "ListMemory2", "ListMemory2\ListMemory2.csproj", "{99E8E9F8-68D6-4822-9D8F-F4249485C3B7}"
EndProject
Project("{FAE04EC0-301F-11D3-BF4B-00C04F79EFBC}") = "ArrayListPractice", "ArrayListPractice\ArrayListPractice.csproj", "{A3112DFF-7415-4ADF-8E6F-7DBE75707D9F}"
EndProject
Global
	GlobalSection(SolutionConfigurationPlatforms) = preSolution
		Debug|Any CPU = Debug|Any CPU
		Release|Any CPU = Release|Any CPU
	EndGlobalSection
	GlobalSection(ProjectConfigurationPlatforms) = postSolution
		{66E31062-CB63-4B10-9134-5BF0D2B9CBA6}.Debug|Any CPU.ActiveCfg = Debug|Any CPU
		{66E31062-CB63-4B10-9134-5BF0D2B9CBA6}.Debug|Any CPU.Build.0 = Debug|Any CPU
		{66E31062-CB63-4B10-9134-5BF0D2B9CBA6}.Release|Any CPU.ActiveCfg = Release|Any CPU
		{66E31062-CB63-4B10-9134-5BF0D2B9CBA6}.Release|Any CPU.Build.0 = Release|Any CPU
		{47619F91-3080-4D97-AE8E-10483F896D49}.Debug|Any CPU.ActiveCfg = Debug|Any CPU
		{47619F91-3080-4D97-AE8E-10483F896D49}.Debug|Any CPU.Build.0 = Debug|Any CPU
		{47619F91-3080-4D97-AE8E-10483F896D49}.Release|Any CPU.ActiveCfg = Release|Any CPU
		{47619F91-3080-4D97-AE8E-10483F896D49}.Release|Any CPU.Build.0 = Release|Any CPU
		{DACC3981-827A-4F8C-A663-3DE55356DC42}.Debug|Any CPU.ActiveCfg = Debug|Any CPU
		{DACC3981-827A-4F8C-A663-3DE55356DC42}.Debug|Any CPU.Build.0 = Debug|Any CPU
		{DACC3981-827A-4F8C-A663-3DE55356DC42}.Release|Any CPU.ActiveCfg = Release|Any CPU
		{DACC3981-827A-4F8C-A663-3DE55356DC42}.Release|Any CPU.Build.0 = Release|Any CPU
		{E8018D25-D998-4039-9BCE-951ADE1E85C0}.Debug|Any CPU.ActiveCfg = Debug|Any CPU
		{E8018D25-D998-4039-9BCE-951ADE1E85C0}.Debug|Any CPU.Build.0 = Debug|Any CPU
		{E8018D25-D998-4039-9BCE-951ADE1E85C0}.Release|Any CPU.ActiveCfg = Release|Any CPU
		{E8018D25-D998-4039-9BCE-951ADE1E85C0}.Release|Any CPU.Build.0 = Release|Any CPU
		{CC8CFC3A-2690-4E14-A2FA-2915AF01BE82}.Debug|Any CPU.ActiveCfg = Debug|Any CPU
		{CC8CFC3A-2690-4E14-A2FA-2915AF01BE82}.Debug|Any CPU.Build.0 = Debug|Any CPU
		{CC8CFC3A-2690-4E14-A2FA-2915AF01BE82}.Release|Any CPU.ActiveCfg = Release|Any CPU
		{CC8CFC3A-2690-4E14-A2FA-2915AF01BE82}.Release|Any CPU.Build.0 = Release|Any CPU
		{B03A509A-2783-491D-BA66-5FADA2298FAF}.Debug|Any CPU.ActiveCfg = Debug|Any CPU
		{B03A509A-2783-491D-BA66-5FADA2298FAF}.Debug|Any CPU.Build.0 = Debug|Any CPU
		{B03A509A-2783-491D-BA66-5FADA2298FAF}.Release|Any CPU.ActiveCfg = Release|Any CPU
		{B03A509A-2783-491D-BA66-5FADA2298FAF}.Release|Any CPU.Build.0 = Release|Any CPU
		{97498D0D-64F9-4777-998B-A779F5CC08AE}.Debug|Any CPU.ActiveCfg = Debug|Any CPU
		{97498D0D-64F9-4777-998B-A779F5CC08AE}.Debug|Any CPU.Build.0 = Debug|Any CPU
		{97498D0D-64F9-4777-998B-A779F5CC08AE}.Release|Any CPU.ActiveCfg = Release|Any CPU
		{97498D0D-64F9-4777-998B-A779F5CC08AE}.Release|Any CPU.Build.0 = Release|Any CPU
		{CB604A52-BAA5-4FF8-8DA2-9CC8DD67247E}.Debug|Any CPU.ActiveCfg = Debug|Any CPU
		{CB604A52-BAA5-4FF8-8DA2-9CC8DD67247E}.Debug|Any CPU.Build.0 = Debug|Any CPU
		{CB604A52-BAA5-4FF8-8DA2-9CC8DD67247E}.Release|Any CPU.ActiveCfg = Release|Any CPU
		{CB604A52-BAA5-4FF8-8DA2-9CC8DD67247E}.Release|Any CPU.Build.0 = Release|Any CPU
		{A21E0602-B9AC-4305-94A8-5BC20F63F523}.Debug|Any CPU.ActiveCfg = Debug|Any CPU
		{A21E0602-B9AC-4305-94A8-5BC20F63F523}.Debug|Any CPU.Build.0 = Debug|Any CPU
		{A21E0602-B9AC-4305-94A8-5BC20F63F523}.Release|Any CPU.ActiveCfg = Release|Any CPU
		{A21E0602-B9AC-4305-94A8-5BC20F63F523}.Release|Any CPU.Build.0 = Release|Any CPU
		{AF27DB46-67A4-47FA-A5C1-A42573D2ED92}.Debug|Any CPU.ActiveCfg = Debug|Any CPU
		{AF27DB46-67A4-47FA-A5C1-A42573D2ED92}.Debug|Any CPU.Build.0 = Debug|Any CPU
		{AF27DB46-67A4-47FA-A5C1-A42573D2ED92}.Release|Any CPU.ActiveCfg = Release|Any CPU
		{AF27DB46-67A4-47FA-A5C1-A42573D2ED92}.Release|Any CPU.Build.0 = Release|Any CPU
		{A390B8C8-8D27-4ECD-8CE1-C23BBC5E8413}.Debug|Any CPU.ActiveCfg = Debug|Any CPU
		{A390B8C8-8D27-4ECD-8CE1-C23BBC5E8413}.Debug|Any CPU.Build.0 = Debug|Any CPU
		{A390B8C8-8D27-4ECD-8CE1-C23BBC5E8413}.Release|Any CPU.ActiveCfg = Release|Any CPU
		{A390B8C8-8D27-4ECD-8CE1-C23BBC5E8413}.Release|Any CPU.Build.0 = Release|Any CPU
		{99E8E9F8-68D6-4822-9D8F-F4249485C3B7}.Debug|Any CPU.ActiveCfg = Debug|Any CPU
		{99E8E9F8-68D6-4822-9D8F-F4249485C3B7}.Debug|Any CPU.Build.0 = Debug|Any CPU
		{99E8E9F8-68D6-4822-9D8F-F4249485C3B7}.Release|Any CPU.ActiveCfg = Release|Any CPU
		{99E8E9F8-68D6-4822-9D8F-F4249485C3B7}.Release|Any CPU.Build.0 = Release|Any CPU
		{A3112DFF-7415-4ADF-8E6F-7DBE75707D9F}.Debug|Any CPU.ActiveCfg = Debug|Any CPU
		{A3112DFF-7415-4ADF-8E6F-7DBE75707D9F}.Debug|Any CPU.Build.0 = Debug|Any CPU
		{A3112DFF-7415-4ADF-8E6F-7DBE75707D9F}.Release|Any CPU.ActiveCfg = Release|Any CPU
		{A3112DFF-7415-4ADF-8E6F-7DBE75707D9F}.Release|Any CPU.Build.0 = Release|Any CPU
	EndGlobalSection
	GlobalSection(SolutionProperties) = preSolution
		HideSolutionNode = FALSE
	EndGlobalSection
	GlobalSection(ExtensibilityGlobals) = postSolution
		SolutionGuid = {0E5F0465-7546-4A4D-B92F-886A905E624C}
	EndGlobalSection
EndGlobal
